{
  "name": "okaka",
  "version": "1.0.0",
  "lockfileVersion": 1,
  "requires": true,
  "dependencies": {
    "omusubi-js": {
      "version": "1.0.0",
      "resolved": "https://registry.npmjs.org/omusubi-js/-/omusubi-js-1.0.0.tgz",
      "integrity": "sha512-qnCl2OccTKHr/sqBedn71gGXj9Gddk3b3suH5ll6awLnLJZeSmMRZYZ+Ip59N1ZClQ9UAx1Zt+BcbKqOhushpw==",
      "dev": true
    }
  }
}
